
Microsoft Visual Studio Solution File, Format Version 12.00
# Visual Studio Version 16
VisualStudioVersion = 16.0.29728.190
MinimumVisualStudioVersion = 10.0.40219.1
Project("{FAE04EC0-301F-11D3-BF4B-00C04F79EFBC}") = "RSA algorithm", "RSA algorithm\RSA algorithm.csproj", "{EAD6ACB7-42C2-44EE-84C5-58F921C233F9}"
EndProject
Global
	GlobalSection(SolutionConfigurationPlatforms) = preSolution
		Debug|Any CPU = Debug|Any CPU
		Release|Any CPU = Release|Any CPU
	EndGlobalSection
	GlobalSection(ProjectConfigurationPlatforms) = postSolution
		{EAD6ACB7-42C2-44EE-84C5-58F921C233F9}.Debug|Any CPU.ActiveCfg = Debug|Any CPU
		{EAD6ACB7-42C2-44EE-84C5-58F921C233F9}.Debug|Any CPU.Build.0 = Debug|Any CPU
		{EAD6ACB7-42C2-44EE-84C5-58F921C233F9}.Release|Any CPU.ActiveCfg = Release|Any CPU
		{EAD6ACB7-42C2-44EE-84C5-58F921C233F9}.Release|Any CPU.Build.0 = Release|Any CPU
	EndGlobalSection
	GlobalSection(SolutionProperties) = preSolution
		HideSolutionNode = FALSE
	EndGlobalSection
	GlobalSection(ExtensibilityGlobals) = postSolution
		SolutionGuid = {FE13375C-F018-4888-BB56-8C03767DA823}
	EndGlobalSection
EndGlobal
